Microsoft Visual Studio Solution File, Format Version 12.00
# Visual Studio Version 17
VisualStudioVersion = 17.5.2.0
MinimumVisualStudioVersion = 10.0.40219.1
Project("{FAE04EC0-301F-11D3-BF4B-00C04F79EFBC}") = "semana4", "semana4.csproj", "{028C6910-3D99-7AA4-9049-8741177E9617}"
EndProject
Global
	GlobalSection(SolutionConfigurationPlatforms) = preSolution
		Debug|Any CPU = Debug|Any CPU
		Release|Any CPU = Release|Any CPU
	EndGlobalSection
	GlobalSection(ProjectConfigurationPlatforms) = postSolution
		{028C6910-3D99-7AA4-9049-8741177E9617}.Debug|Any CPU.ActiveCfg = Debug|Any CPU
		{028C6910-3D99-7AA4-9049-8741177E9617}.Debug|Any CPU.Build.0 = Debug|Any CPU
		{028C6910-3D99-7AA4-9049-8741177E9617}.Release|Any CPU.ActiveCfg = Release|Any CPU
		{028C6910-3D99-7AA4-9049-8741177E9617}.Release|Any CPU.Build.0 = Release|Any CPU
	EndGlobalSection
	GlobalSection(SolutionProperties) = preSolution
		HideSolutionNode = FALSE
	EndGlobalSection
	GlobalSection(ExtensibilityGlobals) = postSolution
		SolutionGuid = {8273301C-6273-4A9F-8376-2D82567F52A5}
	EndGlobalSection
EndGlobal
